// !$*UTF8*$!
{
	archiveVersion = 1;
	classes = {
	};
	objectVersion = 55;
	objects = {

/* Begin PBXBuildFile section */
		B9E021A728871E4D00355D9F /* AppDelegate.swift in Sources */ = {isa = PBXBuildFile; fileRef = B9E021A628871E4D00355D9F /* AppDelegate.swift */; };
		B9E021A928871E4D00355D9F /* SceneDelegate.swift in Sources */ = {isa = PBXBuildFile; fileRef = B9E021A828871E4D00355D9F /* SceneDelegate.swift */; };
		B9E021AB28871E4D00355D9F /* ViewController.swift in Sources */ = {isa = PBXBuildFile; fileRef = B9E021AA28871E4D00355D9F /* ViewController.swift */; };
		B9E021AE28871E4D00355D9F /* Main.storyboard in Resources */ = {isa = PBXBuildFile; fileRef = B9E021AC28871E4D00355D9F /* Main.storyboard */; };
		B9E021B028871E4F00355D9F /* Assets.xcassets in Resources */ = {isa = PBXBuildFile; fileRef = B9E021AF28871E4F00355D9F /* Assets.xcassets */; };
		B9E021B328871E4F00355D9F /* LaunchScreen.storyboard in Resources */ = {isa = PBXBuildFile; fileRef = B9E021B128871E4F00355D9F /* LaunchScreen.storyboard */; };
		B9E021BE28871E5000355D9F /* virtual_rccg_accessTests.swift in Sources */ = {isa = PBXBuildFile; fileRef = B9E021BD28871E5000355D9F /* virtual_rccg_accessTests.swift */; };
		B9E021C828871E5000355D9F /* virtual_rccg_accessUITests.swift in Sources */ = {isa = PBXBuildFile; fileRef = B9E021C728871E5000355D9F /* virtual_rccg_accessUITests.swift */; };
		B9E021CA28871E5000355D9F /* virtual_rccg_accessUITestsLaunchTests.swift in Sources */ = {isa = PBXBuildFile; fileRef = B9E021C928871E5000355D9F /* virtual_rccg_accessUITestsLaunchTests.swift */; };
/* End PBXBuildFile section */

/* Begin PBXContainerItemProxy section */
		B9E021BA28871E5000355D9F /* PBXContainerItemProxy */ = {
			isa = PBXContainerItemProxy;
			containerPortal = B9E0219B28871E4D00355D9F /* Project object */;
			proxyType = 1;
			remoteGlobalIDString = B9E021A228871E4D00355D9F;
			remoteInfo = virtual_rccg_access;
		};
		B9E021C428871E5000355D9F /* PBXContainerItemProxy */ = {
			isa = PBXContainerItemProxy;
			containerPortal = B9E0219B28871E4D00355D9F /* Project object */;
			proxyType = 1;
			remoteGlobalIDString = B9E021A228871E4D00355D9F;
			remoteInfo = virtual_rccg_access;
		};
/* End PBXContainerItemProxy section */

/* Begin PBXFileReference section */
		B9E021A328871E4D00355D9F /* virtual_rccg_access.app */ = {isa = PBXFileReference; explicitFileType = wrapper.application; includeInIndex = 0; path = virtual_rccg_access.app; sourceTree = BUILT_PRODUCTS_DIR; };
		B9E021A628871E4D00355D9F /* AppDelegate.swift */ = {isa = PBXFileReference; lastKnownFileType = sourcecode.swift; path = AppDelegate.swift; sourceTree = "<group>"; };
		B9E021A828871E4D00355D9F /* SceneDelegate.swift */ = {isa = PBXFileReference; lastKnownFileType = sourcecode.swift; path = SceneDelegate.swift; sourceTree = "<group>"; };
		B9E021AA28871E4D00355D9F /* ViewController.swift */ = {isa = PBXFileReference; lastKnownFileType = sourcecode.swift; path = ViewController.swift; sourceTree = "<group>"; };
		B9E021AD28871E4D00355D9F /* Base */ = {isa = PBXFileReference; lastKnownFileType = file.storyboard; name = Base; path = Base.lproj/Main.storyboard; sourceTree = "<group>"; };
		B9E021AF28871E4F00355D9F /* Assets.xcassets */ = {isa = PBXFileReference; lastKnownFileType = folder.assetcatalog; path = Assets.xcassets; sourceTree = "<group>"; };
		B9E021B228871E4F00355D9F /* Base */ = {isa = PBXFileReference; lastKnownFileType = file.storyboard; name = Base; path = Base.lproj/LaunchScreen.storyboard; sourceTree = "<group>"; };
		B9E021B428871E4F00355D9F /* Info.plist */ = {isa = PBXFileReference; lastKnownFileType = text.plist.xml; path = Info.plist; sourceTree = "<group>"; };
		B9E021B928871E5000355D9F /* virtual_rccg_accessTests.xctest */ = {isa = PBXFileReference; explicitFileType = wrapper.cfbundle; includeInIndex = 0; path = virtual_rccg_accessTests.xctest; sourceTree = BUILT_PRODUCTS_DIR; };
		B9E021BD28871E5000355D9F /* virtual_rccg_accessTests.swift */ = {isa = PBXFileReference; lastKnownFileType = sourcecode.swift; path = virtual_rccg_accessTests.swift; sourceTree = "<group>"; };
		B9E021C328871E5000355D9F /* virtual_rccg_accessUITests.xctest */ = {isa = PBXFileReference; explicitFileType = wrapper.cfbundle; includeInIndex = 0; path = virtual_rccg_accessUITests.xctest; sourceTree = BUILT_PRODUCTS_DIR; };
		B9E021C728871E5000355D9F /* virtual_rccg_accessUITests.swift */ = {isa = PBXFileReference; lastKnownFileType = sourcecode.swift; path = virtual_rccg_accessUITests.swift; sourceTree = "<group>"; };
		B9E021C928871E5000355D9F /* virtual_rccg_accessUITestsLaunchTests.swift */ = {isa = PBXFileReference; lastKnownFileType = sourcecode.swift; path = virtual_rccg_accessUITestsLaunchTests.swift; sourceTree = "<group>"; };
/* End PBXFileReference section */

/* Begin PBXFrameworksBuildPhase section */
		B9E021A028871E4D00355D9F /* Frameworks */ = {
			isa = PBXFrameworksBuildPhase;
			buildActionMask = 2147483647;
			files = (
			);
			runOnlyForDeploymentPostprocessing = 0;
		};
		B9E021B628871E5000355D9F /* Frameworks */ = {
			isa = PBXFrameworksBuildPhase;
			buildActionMask = 2147483647;
			files = (
			);
			runOnlyForDeploymentPostprocessing = 0;
		};
		B9E021C028871E5000355D9F /* Frameworks */ = {
			isa = PBXFrameworksBuildPhase;
			buildActionMask = 2147483647;
			files = (
			);
			runOnlyForDeploymentPostprocessing = 0;
		};
/* End PBXFrameworksBuildPhase section */

/* Begin PBXGroup section */
		B9E0219A28871E4D00355D9F = {
			isa = PBXGroup;
			children = (
				B9E021A528871E4D00355D9F /* virtual_rccg_access */,
				B9E021BC28871E5000355D9F /* virtual_rccg_accessTests */,
				B9E021C628871E5000355D9F /* virtual_rccg_accessUITests */,
				B9E021A428871E4D00355D9F /* Products */,
			);
			sourceTree = "<group>";
		};
		B9E021A428871E4D00355D9F /* Products */ = {
			isa = PBXGroup;
			children = (
				B9E021A328871E4D00355D9F /* virtual_rccg_access.app */,
				B9E021B928871E5000355D9F /* virtual_rccg_accessTests.xctest */,
				B9E021C328871E5000355D9F /* virtual_rccg_accessUITests.xctest */,
			);
			name = Products;
			sourceTree = "<group>";
		};
		B9E021A528871E4D00355D9F /* virtual_rccg_access */ = {
			isa = PBXGroup;
			children = (
				B9E021A628871E4D00355D9F /* AppDelegate.swift */,
				B9E021A828871E4D00355D9F /* SceneDelegate.swift */,
				B9E021AA28871E4D00355D9F /* ViewController.swift */,
				B9E021AC28871E4D00355D9F /* Main.storyboard */,
				B9E021AF28871E4F00355D9F /* Assets.xcassets */,
				B9E021B128871E4F00355D9F /* LaunchScreen.storyboard */,
				B9E021B428871E4F00355D9F /* Info.plist */,
			);
			path = virtual_rccg_access;
			sourceTree = "<group>";
		};
		B9E021BC28871E5000355D9F /* virtual_rccg_accessTests */ = {
			isa = PBXGroup;
			children = (
				B9E021BD28871E5000355D9F /* virtual_rccg_accessTests.swift */,
			);
			path = virtual_rccg_accessTests;
			sourceTree = "<group>";
		};
		B9E021C628871E5000355D9F /* virtual_rccg_accessUITests */ = {
			isa = PBXGroup;
			children = (
				B9E021C728871E5000355D9F /* virtual_rccg_accessUITests.swift */,
				B9E021C928871E5000355D9F /* virtual_rccg_accessUITestsLaunchTests.swift */,
			);
			path = virtual_rccg_accessUITests;
			sourceTree = "<group>";
		};
/* End PBXGroup section */

/* Begin PBXNativeTarget section */
		B9E021A228871E4D00355D9F /* virtual_rccg_access */ = {
			isa = PBXNativeTarget;
			buildConfigurationList = B9E021CD28871E5000355D9F /* Build configuration list for PBXNativeTarget "virtual_rccg_access" */;
			buildPhases = (
				B9E0219F28871E4D00355D9F /* Sources */,
				B9E021A028871E4D00355D9F /* Frameworks */,
				B9E021A128871E4D00355D9F /* Resources */,
			);
			buildRules = (
			);
			dependencies = (
			);
			name = virtual_rccg_access;
			productName = virtual_rccg_access;
			productReference = B9E021A328871E4D00355D9F /* virtual_rccg_access.app */;
			productType = "com.apple.product-type.application";
		};
		B9E021B828871E5000355D9F /* virtual_rccg_accessTests */ = {
			isa = PBXNativeTarget;
			buildConfigurationList = B9E021D028871E5000355D9F /* Build configuration list for PBXNativeTarget "virtual_rccg_accessTests" */;
			buildPhases = (
				B9E021B528871E5000355D9F /* Sources */,
				B9E021B628871E5000355D9F /* Frameworks */,
				B9E021B728871E5000355D9F /* Resources */,
			);
			buildRules = (
			);
			dependencies = (
				B9E021BB28871E5000355D9F /* PBXTargetDependency */,
			);
			name = virtual_rccg_accessTests;
			productName = virtual_rccg_accessTests;
			productReference = B9E021B928871E5000355D9F /* virtual_rccg_accessTests.xctest */;
			productType = "com.apple.product-type.bundle.unit-test";
		};
		B9E021C228871E5000355D9F /* virtual_rccg_accessUITests */ = {
			isa = PBXNativeTarget;
			buildConfigurationList = B9E021D328871E5000355D9F /* Build configuration list for PBXNativeTarget "virtual_rccg_accessUITests" */;
			buildPhases = (
				B9E021BF28871E5000355D9F /* Sources */,
				B9E021C028871E5000355D9F /* Frameworks */,
				B9E021C128871E5000355D9F /* Resources */,
			);
			buildRules = (
			);
			dependencies = (
				B9E021C528871E5000355D9F /* PBXTargetDependency */,
			);
			name = virtual_rccg_accessUITests;
			productName = virtual_rccg_accessUITests;
			productReference = B9E021C328871E5000355D9F /* virtual_rccg_accessUITests.xctest */;
			productType = "com.apple.product-type.bundle.ui-testing";
		};
/* End PBXNativeTarget section */

/* Begin PBXProject section */
		B9E0219B28871E4D00355D9F /* Project object */ = {
			isa = PBXProject;
			attributes = {
				BuildIndependentTargetsInParallel = 1;
				LastSwiftUpdateCheck = 1340;
				LastUpgradeCheck = 1340;
				TargetAttributes = {
					B9E021A228871E4D00355D9F = {
						CreatedOnToolsVersion = 13.4.1;
					};
					B9E021B828871E5000355D9F = {
						CreatedOnToolsVersion = 13.4.1;
						TestTargetID = B9E021A228871E4D00355D9F;
					};
					B9E021C228871E5000355D9F = {
						CreatedOnToolsVersion = 13.4.1;
						TestTargetID = B9E021A228871E4D00355D9F;
					};
				};
			};
			buildConfigurationList = B9E0219E28871E4D00355D9F /* Build configuration list for PBXProject "virtual_rccg_access" */;
			compatibilityVersion = "Xcode 13.0";
			developmentRegion = en;
			hasScannedForEncodings = 0;
			knownRegions = (
				en,
				Base,
			);
			mainGroup = B9E0219A28871E4D00355D9F;
			productRefGroup = B9E021A428871E4D00355D9F /* Products */;
			projectDirPath = "";
			projectRoot = "";
			targets = (
				B9E021A228871E4D00355D9F /* virtual_rccg_access */,
				B9E021B828871E5000355D9F /* virtual_rccg_accessTests */,
				B9E021C228871E5000355D9F /* virtual_rccg_accessUITests */,
			);
		};
/* End PBXProject section */

/* Begin PBXResourcesBuildPhase section */
		B9E021A128871E4D00355D9F /* Resources */ = {
			isa = PBXResourcesBuildPhase;
			buildActionMask = 2147483647;
			files = (
				B9E021B328871E4F00355D9F /* LaunchScreen.storyboard in Resources */,
				B9E021B028871E4F00355D9F /* Assets.xcassets in Resources */,
				B9E021AE28871E4D00355D9F /* Main.storyboard in Resources */,
			);
			runOnlyForDeploymentPostprocessing = 0;
		};
		B9E021B728871E5000355D9F /* Resources */ = {
			isa = PBXResourcesBuildPhase;
			buildActionMask = 2147483647;
			files = (
			);
			runOnlyForDeploymentPostprocessing = 0;
		};
		B9E021C128871E5000355D9F /* Resources */ = {
			isa = PBXResourcesBuildPhase;
			buildActionMask = 2147483647;
			files = (
			);
			runOnlyForDeploymentPostprocessing = 0;
		};
/* End PBXResourcesBuildPhase section */

/* Begin PBXSourcesBuildPhase section */
		B9E0219F28871E4D00355D9F /* Sources */ = {
			isa = PBXSourcesBuildPhase;
			buildActionMask = 2147483647;
			files = (
				B9E021AB28871E4D00355D9F /* ViewController.swift in Sources */,
				B9E021A728871E4D00355D9F /* AppDelegate.swift in Sources */,
				B9E021A928871E4D00355D9F /* SceneDelegate.swift in Sources */,
			);
			runOnlyForDeploymentPostprocessing = 0;
		};
		B9E021B528871E5000355D9F /* Sources */ = {
			isa = PBXSourcesBuildPhase;
			buildActionMask = 2147483647;
			files = (
				B9E021BE28871E5000355D9F /* virtual_rccg_accessTests.swift in Sources */,
			);
			runOnlyForDeploymentPostprocessing = 0;
		};
		B9E021BF28871E5000355D9F /* Sources */ = {
			isa = PBXSourcesBuildPhase;
			buildActionMask = 2147483647;
			files = (
				B9E021C828871E5000355D9F /* virtual_rccg_accessUITests.swift in Sources */,
				B9E021CA28871E5000355D9F /* virtual_rccg_accessUITestsLaunchTests.swift in Sources */,
			);
			runOnlyForDeploymentPostprocessing = 0;
		};
/* End PBXSourcesBuildPhase section */

/* Begin PBXTargetDependency section */
		B9E021BB28871E5000355D9F /* PBXTargetDependency */ = {
			isa = PBXTargetDependency;
			target = B9E021A228871E4D00355D9F /* virtual_rccg_access */;
			targetProxy = B9E021BA28871E5000355D9F /* PBXContainerItemProxy */;
		};
		B9E021C528871E5000355D9F /* PBXTargetDependency */ = {
			isa = PBXTargetDependency;
			target = B9E021A228871E4D00355D9F /* virtual_rccg_access */;
			targetProxy = B9E021C428871E5000355D9F /* PBXContainerItemProxy */;
		};
/* End PBXTargetDependency section */

/* Begin PBXVariantGroup section */
		B9E021AC28871E4D00355D9F /* Main.storyboard */ = {
			isa = PBXVariantGroup;
			children = (
				B9E021AD28871E4D00355D9F /* Base */,
			);
			name = Main.storyboard;
			sourceTree = "<group>";
		};
		B9E021B128871E4F00355D9F /* LaunchScreen.storyboard */ = {
			isa = PBXVariantGroup;
			children = (
				B9E021B228871E4F00355D9F /* Base */,
			);
			name = LaunchScreen.storyboard;
			sourceTree = "<group>";
		};
/* End PBXVariantGroup section */

/* Begin XCBuildConfiguration section */
		B9E021CB28871E5000355D9F /* Debug */ = {
			isa = XCBuildConfiguration;
			buildSettings = {
				ALWAYS_SEARCH_USER_PATHS = NO;
				CLANG_ANALYZER_NONNULL = YES;
				CLANG_ANALYZER_NUMBER_OBJECT_CONVERSION = YES_AGGRESSIVE;
				CLANG_CXX_LANGUAGE_STANDARD = "gnu++17";
				CLANG_ENABLE_MODULES = YES;
				CLANG_ENABLE_OBJC_ARC = YES;
				CLANG_ENABLE_OBJC_WEAK = YES;
				CLANG_WARN_BLOCK_CAPTURE_AUTORELEASING = YES;
				CLANG_WARN_BOOL_CONVERSION = YES;
				CLANG_WARN_COMMA = YES;
				CLANG_WARN_CONSTANT_CONVERSION = YES;
				CLANG_WARN_DEPRECATED_OBJC_IMPLEMENTATIONS = YES;
				CLANG_WARN_DIRECT_OBJC_ISA_USAGE = YES_ERROR;
				CLANG_WARN_DOCUMENTATION_COMMENTS = YES;
				CLANG_WARN_EMPTY_BODY = YES;
				CLANG_WARN_ENUM_CONVERSION = YES;
				CLANG_WARN_INFINITE_RECURSION = YES;
				CLANG_WARN_INT_CONVERSION = YES;
				CLANG_WARN_NON_LITERAL_NULL_CONVERSION = YES;
				CLANG_WARN_OBJC_IMPLICIT_RETAIN_SELF = YES;
				CLANG_WARN_OBJC_LITERAL_CONVERSION = YES;
				CLANG_WARN_OBJC_ROOT_CLASS = YES_ERROR;
				CLANG_WARN_QUOTED_INCLUDE_IN_FRAMEWORK_HEADER = YES;
				CLANG_WARN_RANGE_LOOP_ANALYSIS = YES;
				CLANG_WARN_STRICT_PROTOTYPES = YES;
				CLANG_WARN_SUSPICIOUS_MOVE = YES;
				CLANG_WARN_UNGUARDED_AVAILABILITY = YES_AGGRESSIVE;
				CLANG_WARN_UNREACHABLE_CODE = YES;
				CLANG_WARN__DUPLICATE_METHOD_MATCH = YES;
				COPY_PHASE_STRIP = NO;
				DEBUG_INFORMATION_FORMAT = dwarf;
				ENABLE_STRICT_OBJC_MSGSEND = YES;
				ENABLE_TESTABILITY = YES;
				GCC_C_LANGUAGE_STANDARD = gnu11;
				GCC_DYNAMIC_NO_PIC = NO;
				GCC_NO_COMMON_BLOCKS = YES;
				GCC_OPTIMIZATION_LEVEL = 0;
				GCC_PREPROCESSOR_DEFINITIONS = (
					"DEBUG=1",
					"$(inherited)",
				);
				GCC_WARN_64_TO_32_BIT_CONVERSION = YES;
				GCC_WARN_ABOUT_RETURN_TYPE = YES_ERROR;
				GCC_WARN_UNDECLARED_SELECTOR = YES;
				GCC_WARN_UNINITIALIZED_AUTOS = YES_AGGRESSIVE;
				GCC_WARN_UNUSED_FUNCTION = YES;
				GCC_WARN_UNUSED_VARIABLE = YES;
				IPHONEOS_DEPLOYMENT_TARGET = 15.5;
				MTL_ENABLE_DEBUG_INFO = INCLUDE_SOURCE;
				MTL_FAST_MATH = YES;
				ONLY_ACTIVE_ARCH = YES;
				SDKROOT = iphoneos;
				SWIFT_ACTIVE_COMPILATION_CONDITIONS = DEBUG;
				SWIFT_OPTIMIZATION_LEVEL = "-Onone";
			};
			name = Debug;
		};
		B9E021CC28871E5000355D9F /* Release */ = {
			isa = XCBuildConfiguration;
			buildSettings = {
				ALWAYS_SEARCH_USER_PATHS = NO;
				CLANG_ANALYZER_NONNULL = YES;
				CLANG_ANALYZER_NUMBER_OBJECT_CONVERSION = YES_AGGRESSIVE;
				CLANG_CXX_LANGUAGE_STANDARD = "gnu++17";
				CLANG_ENABLE_MODULES = YES;
				CLANG_ENABLE_OBJC_ARC = YES;
				CLANG_ENABLE_OBJC_WEAK = YES;
				CLANG_WARN_BLOCK_CAPTURE_AUTORELEASING = YES;
				CLANG_WARN_BOOL_CONVERSION = YES;
				CLANG_WARN_COMMA = YES;
				CLANG_WARN_CONSTANT_CONVERSION = YES;
				CLANG_WARN_DEPRECATED_OBJC_IMPLEMENTATIONS = YES;
				CLANG_WARN_DIRECT_OBJC_ISA_USAGE = YES_ERROR;
				CLANG_WARN_DOCUMENTATION_COMMENTS = YES;
				CLANG_WARN_EMPTY_BODY = YES;
				CLANG_WARN_ENUM_CONVERSION = YES;
				CLANG_WARN_INFINITE_RECURSION = YES;
				CLANG_WARN_INT_CONVERSION = YES;
				CLANG_WARN_NON_LITERAL_NULL_CONVERSION = YES;
				CLANG_WARN_OBJC_IMPLICIT_RETAIN_SELF = YES;
				CLANG_WARN_OBJC_LITERAL_CONVERSION = YES;
				CLANG_WARN_OBJC_ROOT_CLASS = YES_ERROR;
				CLANG_WARN_QUOTED_INCLUDE_IN_FRAMEWORK_HEADER = YES;
				CLANG_WARN_RANGE_LOOP_ANALYSIS = YES;
				CLANG_WARN_STRICT_PROTOTYPES = YES;
				CLANG_WARN_SUSPICIOUS_MOVE = YES;
				CLANG_WARN_UNGUARDED_AVAILABILITY = YES_AGGRESSIVE;
				CLANG_WARN_UNREACHABLE_CODE = YES;
				CLANG_WARN__DUPLICATE_METHOD_MATCH = YES;
				COPY_PHASE_STRIP = NO;
				DEBUG_INFORMATION_FORMAT = "dwarf-with-dsym";
				ENABLE_NS_ASSERTIONS = NO;
				ENABLE_STRICT_OBJC_MSGSEND = YES;
				GCC_C_LANGUAGE_STANDARD = gnu11;
				GCC_NO_COMMON_BLOCKS = YES;
				GCC_WARN_64_TO_32_BIT_CONVERSION = YES;
				GCC_WARN_ABOUT_RETURN_TYPE = YES_ERROR;
				GCC_WARN_UNDECLARED_SELECTOR = YES;
				GCC_WARN_UNINITIALIZED_AUTOS = YES_AGGRESSIVE;
				GCC_WARN_UNUSED_FUNCTION = YES;
				GCC_WARN_UNUSED_VARIABLE = YES;
				IPHONEOS_DEPLOYMENT_TARGET = 15.5;
				MTL_ENABLE_DEBUG_INFO = NO;
				MTL_FAST_MATH = YES;
				SDKROOT = iphoneos;
				SWIFT_COMPILATION_MODE = wholemodule;
				SWIFT_OPTIMIZATION_LEVEL = "-O";
				VALIDATE_PRODUCT = YES;
			};
			name = Release;
		};
		B9E021CE28871E5000355D9F /* Debug */ = {
			isa = XCBuildConfiguration;
			buildSettings = {
				ASSETCATALOG_COMPILER_APPICON_NAME = AppIcon;
				ASSETCATALOG_COMPILER_GLOBAL_ACCENT_COLOR_NAME = AccentColor;
				CODE_SIGN_STYLE = Automatic;
				CURRENT_PROJECT_VERSION = 1;
				DEVELOPMENT_TEAM = MAJ3PR4HB4;
				GENERATE_INFOPLIST_FILE = YES;
				INFOPLIST_FILE = virtual_rccg_access/Info.plist;
				INFOPLIST_KEY_UIApplicationSupportsIndirectInputEvents = YES;
				INFOPLIST_KEY_UILaunchStoryboardName = LaunchScreen;
				INFOPLIST_KEY_UIMainStoryboardFile = Main;
				INFOPLIST_KEY_UISupportedInterfaceOrientations_iPad = "UIInterfaceOrientationPortrait UIInterfaceOrientationPortraitUpsideDown UIInterfaceOrientationLandscapeLeft UIInterfaceOrientationLandscapeRight";
				INFOPLIST_KEY_UISupportedInterfaceOrientations_iPhone = "UIInterfaceOrientationPortrait UIInterfaceOrientationLandscapeLeft UIInterfaceOrientationLandscapeRight";
				LD_RUNPATH_SEARCH_PATHS = (
					"$(inherited)",
					"@executable_path/Frameworks",
				);
				MARKETING_VERSION = 1.0;
				PRODUCT_BUNDLE_IDENTIFIER = "RCCG.virtual-rccg-access";
				PRODUCT_NAME = "$(TARGET_NAME)";
				SWIFT_EMIT_LOC_STRINGS = YES;
				SWIFT_VERSION = 5.0;
				TARGETED_DEVICE_FAMILY = "1,2";
			};
			name = Debug;
		};
		B9E021CF28871E5000355D9F /* Release */ = {
			isa = XCBuildConfiguration;
			buildSettings = {
				ASSETCATALOG_COMPILER_APPICON_NAME = AppIcon;
				ASSETCATALOG_COMPILER_GLOBAL_ACCENT_COLOR_NAME = AccentColor;
				CODE_SIGN_STYLE = Automatic;
				CURRENT_PROJECT_VERSION = 1;
				DEVELOPMENT_TEAM = MAJ3PR4HB4;
				GENERATE_INFOPLIST_FILE = YES;
				INFOPLIST_FILE = virtual_rccg_access/Info.plist;
				INFOPLIST_KEY_UIApplicationSupportsIndirectInputEvents = YES;
				INFOPLIST_KEY_UILaunchStoryboardName = LaunchScreen;
				INFOPLIST_KEY_UIMainStoryboardFile = Main;
				INFOPLIST_KEY_UISupportedInterfaceOrientations_iPad = "UIInterfaceOrientationPortrait UIInterfaceOrientationPortraitUpsideDown UIInterfaceOrientationLandscapeLeft UIInterfaceOrientationLandscapeRight";
				INFOPLIST_KEY_UISupportedInterfaceOrientations_iPhone = "UIInterfaceOrientationPortrait UIInterfaceOrientationLandscapeLeft UIInterfaceOrientationLandscapeRight";
				LD_RUNPATH_SEARCH_PATHS = (
					"$(inherited)",
					"@executable_path/Frameworks",
				);
				MARKETING_VERSION = 1.0;
				PRODUCT_BUNDLE_IDENTIFIER = "RCCG.virtual-rccg-access";
				PRODUCT_NAME = "$(TARGET_NAME)";
				SWIFT_EMIT_LOC_STRINGS = YES;
				SWIFT_VERSION = 5.0;
				TARGETED_DEVICE_FAMILY = "1,2";
			};
			name = Release;
		};
		B9E021D128871E5000355D9F /* Debug */ = {
			isa = XCBuildConfiguration;
			buildSettings = {
				ALWAYS_EMBED_SWIFT_STANDARD_LIBRARIES = YES;
				BUNDLE_LOADER = "$(TEST_HOST)";
				CODE_SIGN_STYLE = Automatic;
				CURRENT_PROJECT_VERSION = 1;
				DEVELOPMENT_TEAM = MAJ3PR4HB4;
				GENERATE_INFOPLIST_FILE = YES;
				IPHONEOS_DEPLOYMENT_TARGET = 15.5;
				MARKETING_VERSION = 1.0;
				PRODUCT_BUNDLE_IDENTIFIER = "RCCG.virtual-rccg-accessTests";
				PRODUCT_NAME = "$(TARGET_NAME)";
				SWIFT_EMIT_LOC_STRINGS = NO;
				SWIFT_VERSION = 5.0;
				TARGETED_DEVICE_FAMILY = "1,2";
				TEST_HOST = "$(BUILT_PRODUCTS_DIR)/virtual_rccg_access.app/virtual_rccg_access";
			};
			name = Debug;
		};
		B9E021D228871E5000355D9F /* Release */ = {
			isa = XCBuildConfiguration;
			buildSettings = {
				ALWAYS_EMBED_SWIFT_STANDARD_LIBRARIES = YES;
				BUNDLE_LOADER = "$(TEST_HOST)";
				CODE_SIGN_STYLE = Automatic;
				CURRENT_PROJECT_VERSION = 1;
				DEVELOPMENT_TEAM = MAJ3PR4HB4;
				GENERATE_INFOPLIST_FILE = YES;
				IPHONEOS_DEPLOYMENT_TARGET = 15.5;
				MARKETING_VERSION = 1.0;
				PRODUCT_BUNDLE_IDENTIFIER = "RCCG.virtual-rccg-accessTests";
				PRODUCT_NAME = "$(TARGET_NAME)";
				SWIFT_EMIT_LOC_STRINGS = NO;
				SWIFT_VERSION = 5.0;
				TARGETED_DEVICE_FAMILY = "1,2";
				TEST_HOST = "$(BUILT_PRODUCTS_DIR)/virtual_rccg_access.app/virtual_rccg_access";
			};
			name = Release;
		};
		B9E021D428871E5000355D9F /* Debug */ = {
			isa = XCBuildConfiguration;
			buildSettings = {
				ALWAYS_EMBED_SWIFT_STANDARD_LIBRARIES = YES;
				CODE_SIGN_STYLE = Automatic;
				CURRENT_PROJECT_VERSION = 1;
				DEVELOPMENT_TEAM = MAJ3PR4HB4;
				GENERATE_INFOPLIST_FILE = YES;
				MARKETING_VERSION = 1.0;
				PRODUCT_BUNDLE_IDENTIFIER = "RCCG.virtual-rccg-accessUITests";
				PRODUCT_NAME = "$(TARGET_NAME)";
				SWIFT_EMIT_LOC_STRINGS = NO;
				SWIFT_VERSION = 5.0;
				TARGETED_DEVICE_FAMILY = "1,2";
				TEST_TARGET_NAME = virtual_rccg_access;
			};
			name = Debug;
		};
		B9E021D528871E5000355D9F /* Release */ = {
			isa = XCBuildConfiguration;
			buildSettings = {
				ALWAYS_EMBED_SWIFT_STANDARD_LIBRARIES = YES;
				CODE_SIGN_STYLE = Automatic;
				CURRENT_PROJECT_VERSION = 1;
				DEVELOPMENT_TEAM = MAJ3PR4HB4;
				GENERATE_INFOPLIST_FILE = YES;
				MARKETING_VERSION = 1.0;
				PRODUCT_BUNDLE_IDENTIFIER = "RCCG.virtual-rccg-accessUITests";
				PRODUCT_NAME = "$(TARGET_NAME)";
				SWIFT_EMIT_LOC_STRINGS = NO;
				SWIFT_VERSION = 5.0;
				TARGETED_DEVICE_FAMILY = "1,2";
				TEST_TARGET_NAME = virtual_rccg_access;
			};
			name = Release;
		};
/* End XCBuildConfiguration section */

/* Begin XCConfigurationList section */
		B9E0219E28871E4D00355D9F /* Build configuration list for PBXProject "virtual_rccg_access" */ = {
			isa = XCConfigurationList;
			buildConfigurations = (
				B9E021CB28871E5000355D9F /* Debug */,
				B9E021CC28871E5000355D9F /* Release */,
			);
			defaultConfigurationIsVisible = 0;
			defaultConfigurationName = Release;
		};
		B9E021CD28871E5000355D9F /* Build configuration list for PBXNativeTarget "virtual_rccg_access" */ = {
			isa = XCConfigurationList;
			buildConfigurations = (
				B9E021CE28871E5000355D9F /* Debug */,
				B9E021CF28871E5000355D9F /* Release */,
			);
			defaultConfigurationIsVisible = 0;
			defaultConfigurationName = Release;
		};
		B9E021D028871E5000355D9F /* Build configuration list for PBXNativeTarget "virtual_rccg_accessTests" */ = {
			isa = XCConfigurationList;
			buildConfigurations = (
				B9E021D128871E5000355D9F /* Debug */,
				B9E021D228871E5000355D9F /* Release */,
			);
			defaultConfigurationIsVisible = 0;
			defaultConfigurationName = Release;
		};
		B9E021D328871E5000355D9F /* Build configuration list for PBXNativeTarget "virtual_rccg_accessUITests" */ = {
			isa = XCConfigurationList;
			buildConfigurations = (
				B9E021D428871E5000355D9F /* Debug */,
				B9E021D528871E5000355D9F /* Release */,
			);
			defaultConfigurationIsVisible = 0;
			defaultConfigurationName = Release;
		};
/* End XCConfigurationList section */
	};
	rootObject = B9E0219B28871E4D00355D9F /* Project object */;
}
